
Microsoft Visual Studio Solution File, Format Version 12.00
# Visual Studio 15
VisualStudioVersion = 15.0.28307.271
MinimumVisualStudioVersion = 10.0.40219.1
Project("{FAE04EC0-301F-11D3-BF4B-00C04F79EFBC}") = "csgo.Android", "csgo\csgo.Android\csgo.Android.csproj", "{C044460F-24D1-4BF1-8D0C-D2499FFD3144}"
EndProject
Project("{FAE04EC0-301F-11D3-BF4B-00C04F79EFBC}") = "csgo", "csgo\csgo\csgo.csproj", "{8C314CB9-C21C-4352-BDEE-99B8FDB8A143}"
EndProject
Global
	GlobalSection(SolutionConfigurationPlatforms) = preSolution
		Debug|Any CPU = Debug|Any CPU
		Release|Any CPU = Release|Any CPU
	EndGlobalSection
	GlobalSection(ProjectConfigurationPlatforms) = postSolution
		{C044460F-24D1-4BF1-8D0C-D2499FFD3144}.Debug|Any CPU.ActiveCfg = Debug|Any CPU
		{C044460F-24D1-4BF1-8D0C-D2499FFD3144}.Debug|Any CPU.Build.0 = Debug|Any CPU
		{C044460F-24D1-4BF1-8D0C-D2499FFD3144}.Debug|Any CPU.Deploy.0 = Debug|Any CPU
		{C044460F-24D1-4BF1-8D0C-D2499FFD3144}.Release|Any CPU.ActiveCfg = Release|Any CPU
		{C044460F-24D1-4BF1-8D0C-D2499FFD3144}.Release|Any CPU.Build.0 = Release|Any CPU
		{C044460F-24D1-4BF1-8D0C-D2499FFD3144}.Release|Any CPU.Deploy.0 = Release|Any CPU
		{8C314CB9-C21C-4352-BDEE-99B8FDB8A143}.Debug|Any CPU.ActiveCfg = Debug|Any CPU
		{8C314CB9-C21C-4352-BDEE-99B8FDB8A143}.Debug|Any CPU.Build.0 = Debug|Any CPU
		{8C314CB9-C21C-4352-BDEE-99B8FDB8A143}.Release|Any CPU.ActiveCfg = Release|Any CPU
		{8C314CB9-C21C-4352-BDEE-99B8FDB8A143}.Release|Any CPU.Build.0 = Release|Any CPU
	EndGlobalSection
	GlobalSection(SolutionProperties) = preSolution
		HideSolutionNode = FALSE
	EndGlobalSection
	GlobalSection(ExtensibilityGlobals) = postSolution
		SolutionGuid = {3E08F6E3-41AD-4151-8F44-58A6408DD410}
	EndGlobalSection
EndGlobal
